
Microsoft Visual Studio Solution File, Format Version 11.00
# Visual Studio 2010
Project("{FAE04EC0-301F-11D3-BF4B-00C04F79EFBC}") = "Viva.FacOnLine", "Viva.FacOnLine\Viva.FacOnLine.csproj", "{CEEAD18B-54AB-4FD5-9AB5-4EB61C865139}"
EndProject
Global
	GlobalSection(SolutionConfigurationPlatforms) = preSolution
		Debug|Any CPU = Debug|Any CPU
		Release|Any CPU = Release|Any CPU
	EndGlobalSection
	GlobalSection(ProjectConfigurationPlatforms) = postSolution
		{CEEAD18B-54AB-4FD5-9AB5-4EB61C865139}.Debug|Any CPU.ActiveCfg = Debug|Any CPU
		{CEEAD18B-54AB-4FD5-9AB5-4EB61C865139}.Debug|Any CPU.Build.0 = Debug|Any CPU
		{CEEAD18B-54AB-4FD5-9AB5-4EB61C865139}.Release|Any CPU.ActiveCfg = Release|Any CPU
		{CEEAD18B-54AB-4FD5-9AB5-4EB61C865139}.Release|Any CPU.Build.0 = Release|Any CPU
	EndGlobalSection
	GlobalSection(SolutionProperties) = preSolution
		HideSolutionNode = FALSE
	EndGlobalSection
EndGlobal
